
Microsoft Visual Studio Solution File, Format Version 12.00
# Visual Studio Version 17
VisualStudioVersion = 17.1.32210.238
MinimumVisualStudioVersion = 10.0.40219.1
Project("{FAE04EC0-301F-11D3-BF4B-00C04F79EFBC}") = "modul3_1302194027", "modul3_1302194027\modul3_1302194027.csproj", "{BC127C22-20A1-4D98-85AF-02B18919C6FD}"
EndProject
Global
	GlobalSection(SolutionConfigurationPlatforms) = preSolution
		Debug|Any CPU = Debug|Any CPU
		Release|Any CPU = Release|Any CPU
	EndGlobalSection
	GlobalSection(ProjectConfigurationPlatforms) = postSolution
		{BC127C22-20A1-4D98-85AF-02B18919C6FD}.Debug|Any CPU.ActiveCfg = Debug|Any CPU
		{BC127C22-20A1-4D98-85AF-02B18919C6FD}.Debug|Any CPU.Build.0 = Debug|Any CPU
		{BC127C22-20A1-4D98-85AF-02B18919C6FD}.Release|Any CPU.ActiveCfg = Release|Any CPU
		{BC127C22-20A1-4D98-85AF-02B18919C6FD}.Release|Any CPU.Build.0 = Release|Any CPU
	EndGlobalSection
	GlobalSection(SolutionProperties) = preSolution
		HideSolutionNode = FALSE
	EndGlobalSection
	GlobalSection(ExtensibilityGlobals) = postSolution
		SolutionGuid = {D1F95E94-E3E7-4B40-8F3A-30CEEC5829AB}
	EndGlobalSection
EndGlobal
